// !$*UTF8*$!
{
	archiveVersion = 1;
	classes = {
	};
	objectVersion = 46;
	objects = {

/* Begin PBXBuildFile section */
		ED052F2B1DD2726D003D5C31 /* AppDelegate.swift in Sources */ = {isa = PBXBuildFile; fileRef = ED052F2A1DD2726D003D5C31 /* AppDelegate.swift */; };
		ED052F2D1DD2726D003D5C31 /* ViewController.swift in Sources */ = {isa = PBXBuildFile; fileRef = ED052F2C1DD2726D003D5C31 /* ViewController.swift */; };
		ED052F301DD2726D003D5C31 /* Main.storyboard in Resources */ = {isa = PBXBuildFile; fileRef = ED052F2E1DD2726D003D5C31 /* Main.storyboard */; };
		ED052F321DD2726D003D5C31 /* Assets.xcassets in Resources */ = {isa = PBXBuildFile; fileRef = ED052F311DD2726D003D5C31 /* Assets.xcassets */; };
		ED052F351DD2726D003D5C31 /* LaunchScreen.storyboard in Resources */ = {isa = PBXBuildFile; fileRef = ED052F331DD2726D003D5C31 /* LaunchScreen.storyboard */; };
		ED052F401DD2726D003D5C31 /* PitchPerfectTests.swift in Sources */ = {isa = PBXBuildFile; fileRef = ED052F3F1DD2726D003D5C31 /* PitchPerfectTests.swift */; };
		ED052F4B1DD2726D003D5C31 /* PitchPerfectUITests.swift in Sources */ = {isa = PBXBuildFile; fileRef = ED052F4A1DD2726D003D5C31 /* PitchPerfectUITests.swift */; };
/* End PBXBuildFile section */

/* Begin PBXContainerItemProxy section */
		ED052F3C1DD2726D003D5C31 /* PBXContainerItemProxy */ = {
			isa = PBXContainerItemProxy;
			containerPortal = ED052F1F1DD2726D003D5C31 /* Project object */;
			proxyType = 1;
			remoteGlobalIDString = ED052F261DD2726D003D5C31;
			remoteInfo = PitchPerfect;
		};
		ED052F471DD2726D003D5C31 /* PBXContainerItemProxy */ = {
			isa = PBXContainerItemProxy;
			containerPortal = ED052F1F1DD2726D003D5C31 /* Project object */;
			proxyType = 1;
			remoteGlobalIDString = ED052F261DD2726D003D5C31;
			remoteInfo = PitchPerfect;
		};
/* End PBXContainerItemProxy section */

/* Begin PBXFileReference section */
		ED052F271DD2726D003D5C31 /* PitchPerfect.app */ = {isa = PBXFileReference; explicitFileType = wrapper.application; includeInIndex = 0; path = PitchPerfect.app; sourceTree = BUILT_PRODUCTS_DIR; };
		ED052F2A1DD2726D003D5C31 /* AppDelegate.swift */ = {isa = PBXFileReference; lastKnownFileType = sourcecode.swift; path = AppDelegate.swift; sourceTree = "<group>"; };
		ED052F2C1DD2726D003D5C31 /* ViewController.swift */ = {isa = PBXFileReference; lastKnownFileType = sourcecode.swift; path = ViewController.swift; sourceTree = "<group>"; };
		ED052F2F1DD2726D003D5C31 /* Base */ = {isa = PBXFileReference; lastKnownFileType = file.storyboard; name = Base; path = Base.lproj/Main.storyboard; sourceTree = "<group>"; };
		ED052F311DD2726D003D5C31 /* Assets.xcassets */ = {isa = PBXFileReference; lastKnownFileType = folder.assetcatalog; path = Assets.xcassets; sourceTree = "<group>"; };
		ED052F341DD2726D003D5C31 /* Base */ = {isa = PBXFileReference; lastKnownFileType = file.storyboard; name = Base; path = Base.lproj/LaunchScreen.storyboard; sourceTree = "<group>"; };
		ED052F361DD2726D003D5C31 /* Info.plist */ = {isa = PBXFileReference; lastKnownFileType = text.plist.xml; path = Info.plist; sourceTree = "<group>"; };
		ED052F3B1DD2726D003D5C31 /* PitchPerfectTests.xctest */ = {isa = PBXFileReference; explicitFileType = wrapper.cfbundle; includeInIndex = 0; path = PitchPerfectTests.xctest; sourceTree = BUILT_PRODUCTS_DIR; };
		ED052F3F1DD2726D003D5C31 /* PitchPerfectTests.swift */ = {isa = PBXFileReference; lastKnownFileType = sourcecode.swift; path = PitchPerfectTests.swift; sourceTree = "<group>"; };
		ED052F411DD2726D003D5C31 /* Info.plist */ = {isa = PBXFileReference; lastKnownFileType = text.plist.xml; path = Info.plist; sourceTree = "<group>"; };
		ED052F461DD2726D003D5C31 /* PitchPerfectUITests.xctest */ = {isa = PBXFileReference; explicitFileType = wrapper.cfbundle; includeInIndex = 0; path = PitchPerfectUITests.xctest; sourceTree = BUILT_PRODUCTS_DIR; };
		ED052F4A1DD2726D003D5C31 /* PitchPerfectUITests.swift */ = {isa = PBXFileReference; lastKnownFileType = sourcecode.swift; path = PitchPerfectUITests.swift; sourceTree = "<group>"; };
		ED052F4C1DD2726D003D5C31 /* Info.plist */ = {isa = PBXFileReference; lastKnownFileType = text.plist.xml; path = Info.plist; sourceTree = "<group>"; };
/* End PBXFileReference section */

/* Begin PBXFrameworksBuildPhase section */
		ED052F241DD2726D003D5C31 /* Frameworks */ = {
			isa = PBXFrameworksBuildPhase;
			buildActionMask = 2147483647;
			files = (
			);
			runOnlyForDeploymentPostprocessing = 0;
		};
		ED052F381DD2726D003D5C31 /* Frameworks */ = {
			isa = PBXFrameworksBuildPhase;
			buildActionMask = 2147483647;
			files = (
			);
			runOnlyForDeploymentPostprocessing = 0;
		};
		ED052F431DD2726D003D5C31 /* Frameworks */ = {
			isa = PBXFrameworksBuildPhase;
			buildActionMask = 2147483647;
			files = (
			);
			runOnlyForDeploymentPostprocessing = 0;
		};
/* End PBXFrameworksBuildPhase section */

/* Begin PBXGroup section */
		ED052F1E1DD2726D003D5C31 = {
			isa = PBXGroup;
			children = (
				ED052F291DD2726D003D5C31 /* PitchPerfect */,
				ED052F3E1DD2726D003D5C31 /* PitchPerfectTests */,
				ED052F491DD2726D003D5C31 /* PitchPerfectUITests */,
				ED052F281DD2726D003D5C31 /* Products */,
			);
			sourceTree = "<group>";
		};
		ED052F281DD2726D003D5C31 /* Products */ = {
			isa = PBXGroup;
			children = (
				ED052F271DD2726D003D5C31 /* PitchPerfect.app */,
				ED052F3B1DD2726D003D5C31 /* PitchPerfectTests.xctest */,
				ED052F461DD2726D003D5C31 /* PitchPerfectUITests.xctest */,
			);
			name = Products;
			sourceTree = "<group>";
		};
		ED052F291DD2726D003D5C31 /* PitchPerfect */ = {
			isa = PBXGroup;
			children = (
				ED052F2A1DD2726D003D5C31 /* AppDelegate.swift */,
				ED052F2C1DD2726D003D5C31 /* ViewController.swift */,
				ED052F2E1DD2726D003D5C31 /* Main.storyboard */,
				ED052F311DD2726D003D5C31 /* Assets.xcassets */,
				ED052F331DD2726D003D5C31 /* LaunchScreen.storyboard */,
				ED052F361DD2726D003D5C31 /* Info.plist */,
			);
			path = PitchPerfect;
			sourceTree = "<group>";
		};
		ED052F3E1DD2726D003D5C31 /* PitchPerfectTests */ = {
			isa = PBXGroup;
			children = (
				ED052F3F1DD2726D003D5C31 /* PitchPerfectTests.swift */,
				ED052F411DD2726D003D5C31 /* Info.plist */,
			);
			path = PitchPerfectTests;
			sourceTree = "<group>";
		};
		ED052F491DD2726D003D5C31 /* PitchPerfectUITests */ = {
			isa = PBXGroup;
			children = (
				ED052F4A1DD2726D003D5C31 /* PitchPerfectUITests.swift */,
				ED052F4C1DD2726D003D5C31 /* Info.plist */,
			);
			path = PitchPerfectUITests;
			sourceTree = "<group>";
		};
/* End PBXGroup section */

/* Begin PBXNativeTarget section */
		ED052F261DD2726D003D5C31 /* PitchPerfect */ = {
			isa = PBXNativeTarget;
			buildConfigurationList = ED052F4F1DD2726D003D5C31 /* Build configuration list for PBXNativeTarget "PitchPerfect" */;
			buildPhases = (
				ED052F231DD2726D003D5C31 /* Sources */,
				ED052F241DD2726D003D5C31 /* Frameworks */,
				ED052F251DD2726D003D5C31 /* Resources */,
			);
			buildRules = (
			);
			dependencies = (
			);
			name = PitchPerfect;
			productName = PitchPerfect;
			productReference = ED052F271DD2726D003D5C31 /* PitchPerfect.app */;
			productType = "com.apple.product-type.application";
		};
		ED052F3A1DD2726D003D5C31 /* PitchPerfectTests */ = {
			isa = PBXNativeTarget;
			buildConfigurationList = ED052F521DD2726D003D5C31 /* Build configuration list for PBXNativeTarget "PitchPerfectTests" */;
			buildPhases = (
				ED052F371DD2726D003D5C31 /* Sources */,
				ED052F381DD2726D003D5C31 /* Frameworks */,
				ED052F391DD2726D003D5C31 /* Resources */,
			);
			buildRules = (
			);
			dependencies = (
				ED052F3D1DD2726D003D5C31 /* PBXTargetDependency */,
			);
			name = PitchPerfectTests;
			productName = PitchPerfectTests;
			productReference = ED052F3B1DD2726D003D5C31 /* PitchPerfectTests.xctest */;
			productType = "com.apple.product-type.bundle.unit-test";
		};
		ED052F451DD2726D003D5C31 /* PitchPerfectUITests */ = {
			isa = PBXNativeTarget;
			buildConfigurationList = ED052F551DD2726D003D5C31 /* Build configuration list for PBXNativeTarget "PitchPerfectUITests" */;
			buildPhases = (
				ED052F421DD2726D003D5C31 /* Sources */,
				ED052F431DD2726D003D5C31 /* Frameworks */,
				ED052F441DD2726D003D5C31 /* Resources */,
			);
			buildRules = (
			);
			dependencies = (
				ED052F481DD2726D003D5C31 /* PBXTargetDependency */,
			);
			name = PitchPerfectUITests;
			productName = PitchPerfectUITests;
			productReference = ED052F461DD2726D003D5C31 /* PitchPerfectUITests.xctest */;
			productType = "com.apple.product-type.bundle.ui-testing";
		};
/* End PBXNativeTarget section */

/* Begin PBXProject section */
		ED052F1F1DD2726D003D5C31 /* Project object */ = {
			isa = PBXProject;
			attributes = {
				LastSwiftUpdateCheck = 0810;
				LastUpgradeCheck = 0810;
				ORGANIZATIONNAME = "Lorenzo Dumancas";
				TargetAttributes = {
					ED052F261DD2726D003D5C31 = {
						CreatedOnToolsVersion = 8.1;
						ProvisioningStyle = Automatic;
					};
					ED052F3A1DD2726D003D5C31 = {
						CreatedOnToolsVersion = 8.1;
						ProvisioningStyle = Automatic;
						TestTargetID = ED052F261DD2726D003D5C31;
					};
					ED052F451DD2726D003D5C31 = {
						CreatedOnToolsVersion = 8.1;
						ProvisioningStyle = Automatic;
						TestTargetID = ED052F261DD2726D003D5C31;
					};
				};
			};
			buildConfigurationList = ED052F221DD2726D003D5C31 /* Build configuration list for PBXProject "PitchPerfect" */;
			compatibilityVersion = "Xcode 3.2";
			developmentRegion = English;
			hasScannedForEncodings = 0;
			knownRegions = (
				en,
				Base,
			);
			mainGroup = ED052F1E1DD2726D003D5C31;
			productRefGroup = ED052F281DD2726D003D5C31 /* Products */;
			projectDirPath = "";
			projectRoot = "";
			targets = (
				ED052F261DD2726D003D5C31 /* PitchPerfect */,
				ED052F3A1DD2726D003D5C31 /* PitchPerfectTests */,
				ED052F451DD2726D003D5C31 /* PitchPerfectUITests */,
			);
		};
/* End PBXProject section */

/* Begin PBXResourcesBuildPhase section */
		ED052F251DD2726D003D5C31 /* Resources */ = {
			isa = PBXResourcesBuildPhase;
			buildActionMask = 2147483647;
			files = (
				ED052F351DD2726D003D5C31 /* LaunchScreen.storyboard in Resources */,
				ED052F321DD2726D003D5C31 /* Assets.xcassets in Resources */,
				ED052F301DD2726D003D5C31 /* Main.storyboard in Resources */,
			);
			runOnlyForDeploymentPostprocessing = 0;
		};
		ED052F391DD2726D003D5C31 /* Resources */ = {
			isa = PBXResourcesBuildPhase;
			buildActionMask = 2147483647;
			files = (
			);
			runOnlyForDeploymentPostprocessing = 0;
		};
		ED052F441DD2726D003D5C31 /* Resources */ = {
			isa = PBXResourcesBuildPhase;
			buildActionMask = 2147483647;
			files = (
			);
			runOnlyForDeploymentPostprocessing = 0;
		};
/* End PBXResourcesBuildPhase section */

/* Begin PBXSourcesBuildPhase section */
		ED052F231DD2726D003D5C31 /* Sources */ = {
			isa = PBXSourcesBuildPhase;
			buildActionMask = 2147483647;
			files = (
				ED052F2D1DD2726D003D5C31 /* ViewController.swift in Sources */,
				ED052F2B1DD2726D003D5C31 /* AppDelegate.swift in Sources */,
			);
			runOnlyForDeploymentPostprocessing = 0;
		};
		ED052F371DD2726D003D5C31 /* Sources */ = {
			isa = PBXSourcesBuildPhase;
			buildActionMask = 2147483647;
			files = (
				ED052F401DD2726D003D5C31 /* PitchPerfectTests.swift in Sources */,
			);
			runOnlyForDeploymentPostprocessing = 0;
		};
		ED052F421DD2726D003D5C31 /* Sources */ = {
			isa = PBXSourcesBuildPhase;
			buildActionMask = 2147483647;
			files = (
				ED052F4B1DD2726D003D5C31 /* PitchPerfectUITests.swift in Sources */,
			);
			runOnlyForDeploymentPostprocessing = 0;
		};
/* End PBXSourcesBuildPhase section */

/* Begin PBXTargetDependency section */
		ED052F3D1DD2726D003D5C31 /* PBXTargetDependency */ = {
			isa = PBXTargetDependency;
			target = ED052F261DD2726D003D5C31 /* PitchPerfect */;
			targetProxy = ED052F3C1DD2726D003D5C31 /* PBXContainerItemProxy */;
		};
		ED052F481DD2726D003D5C31 /* PBXTargetDependency */ = {
			isa = PBXTargetDependency;
			target = ED052F261DD2726D003D5C31 /* PitchPerfect */;
			targetProxy = ED052F471DD2726D003D5C31 /* PBXContainerItemProxy */;
		};
/* End PBXTargetDependency section */

/* Begin PBXVariantGroup section */
		ED052F2E1DD2726D003D5C31 /* Main.storyboard */ = {
			isa = PBXVariantGroup;
			children = (
				ED052F2F1DD2726D003D5C31 /* Base */,
			);
			name = Main.storyboard;
			sourceTree = "<group>";
		};
		ED052F331DD2726D003D5C31 /* LaunchScreen.storyboard */ = {
			isa = PBXVariantGroup;
			children = (
				ED052F341DD2726D003D5C31 /* Base */,
			);
			name = LaunchScreen.storyboard;
			sourceTree = "<group>";
		};
/* End PBXVariantGroup section */

/* Begin XCBuildConfiguration section */
		ED052F4D1DD2726D003D5C31 /* Debug */ = {
			isa = XCBuildConfiguration;
			buildSettings = {
				ALWAYS_SEARCH_USER_PATHS = NO;
				CLANG_ANALYZER_NONNULL = YES;
				CLANG_CXX_LANGUAGE_STANDARD = "gnu++0x";
				CLANG_CXX_LIBRARY = "libc++";
				CLANG_ENABLE_MODULES = YES;
				CLANG_ENABLE_OBJC_ARC = YES;
				CLANG_WARN_BOOL_CONVERSION = YES;
				CLANG_WARN_CONSTANT_CONVERSION = YES;
				CLANG_WARN_DIRECT_OBJC_ISA_USAGE = YES_ERROR;
				CLANG_WARN_DOCUMENTATION_COMMENTS = YES;
				CLANG_WARN_EMPTY_BODY = YES;
				CLANG_WARN_ENUM_CONVERSION = YES;
				CLANG_WARN_INFINITE_RECURSION = YES;
				CLANG_WARN_INT_CONVERSION = YES;
				CLANG_WARN_OBJC_ROOT_CLASS = YES_ERROR;
				CLANG_WARN_SUSPICIOUS_MOVES = YES;
				CLANG_WARN_UNREACHABLE_CODE = YES;
				CLANG_WARN__DUPLICATE_METHOD_MATCH = YES;
				"CODE_SIGN_IDENTITY[sdk=iphoneos*]" = "iPhone Developer";
				COPY_PHASE_STRIP = NO;
				DEBUG_INFORMATION_FORMAT = dwarf;
				ENABLE_STRICT_OBJC_MSGSEND = YES;
				ENABLE_TESTABILITY = YES;
				GCC_C_LANGUAGE_STANDARD = gnu99;
				GCC_DYNAMIC_NO_PIC = NO;
				GCC_NO_COMMON_BLOCKS = YES;
				GCC_OPTIMIZATION_LEVEL = 0;
				GCC_PREPROCESSOR_DEFINITIONS = (
					"DEBUG=1",
					"$(inherited)",
				);
				GCC_WARN_64_TO_32_BIT_CONVERSION = YES;
				GCC_WARN_ABOUT_RETURN_TYPE = YES_ERROR;
				GCC_WARN_UNDECLARED_SELECTOR = YES;
				GCC_WARN_UNINITIALIZED_AUTOS = YES_AGGRESSIVE;
				GCC_WARN_UNUSED_FUNCTION = YES;
				GCC_WARN_UNUSED_VARIABLE = YES;
				IPHONEOS_DEPLOYMENT_TARGET = 10.1;
				MTL_ENABLE_DEBUG_INFO = YES;
				ONLY_ACTIVE_ARCH = YES;
				SDKROOT = iphoneos;
				SWIFT_ACTIVE_COMPILATION_CONDITIONS = DEBUG;
				SWIFT_OPTIMIZATION_LEVEL = "-Onone";
				TARGETED_DEVICE_FAMILY = "1,2";
			};
			name = Debug;
		};
		ED052F4E1DD2726D003D5C31 /* Release */ = {
			isa = XCBuildConfiguration;
			buildSettings = {
				ALWAYS_SEARCH_USER_PATHS = NO;
				CLANG_ANALYZER_NONNULL = YES;
				CLANG_CXX_LANGUAGE_STANDARD = "gnu++0x";
				CLANG_CXX_LIBRARY = "libc++";
				CLANG_ENABLE_MODULES = YES;
				CLANG_ENABLE_OBJC_ARC = YES;
				CLANG_WARN_BOOL_CONVERSION = YES;
				CLANG_WARN_CONSTANT_CONVERSION = YES;
				CLANG_WARN_DIRECT_OBJC_ISA_USAGE = YES_ERROR;
				CLANG_WARN_DOCUMENTATION_COMMENTS = YES;
				CLANG_WARN_EMPTY_BODY = YES;
				CLANG_WARN_ENUM_CONVERSION = YES;
				CLANG_WARN_INFINITE_RECURSION = YES;
				CLANG_WARN_INT_CONVERSION = YES;
				CLANG_WARN_OBJC_ROOT_CLASS = YES_ERROR;
				CLANG_WARN_SUSPICIOUS_MOVES = YES;
				CLANG_WARN_UNREACHABLE_CODE = YES;
				CLANG_WARN__DUPLICATE_METHOD_MATCH = YES;
				"CODE_SIGN_IDENTITY[sdk=iphoneos*]" = "iPhone Developer";
				COPY_PHASE_STRIP = NO;
				DEBUG_INFORMATION_FORMAT = "dwarf-with-dsym";
				ENABLE_NS_ASSERTIONS = NO;
				ENABLE_STRICT_OBJC_MSGSEND = YES;
				GCC_C_LANGUAGE_STANDARD = gnu99;
				GCC_NO_COMMON_BLOCKS = YES;
				GCC_WARN_64_TO_32_BIT_CONVERSION = YES;
				GCC_WARN_ABOUT_RETURN_TYPE = YES_ERROR;
				GCC_WARN_UNDECLARED_SELECTOR = YES;
				GCC_WARN_UNINITIALIZED_AUTOS = YES_AGGRESSIVE;
				GCC_WARN_UNUSED_FUNCTION = YES;
				GCC_WARN_UNUSED_VARIABLE = YES;
				IPHONEOS_DEPLOYMENT_TARGET = 10.1;
				MTL_ENABLE_DEBUG_INFO = NO;
				SDKROOT = iphoneos;
				SWIFT_OPTIMIZATION_LEVEL = "-Owholemodule";
				TARGETED_DEVICE_FAMILY = "1,2";
				VALIDATE_PRODUCT = YES;
			};
			name = Release;
		};
		ED052F501DD2726D003D5C31 /* Debug */ = {
			isa = XCBuildConfiguration;
			buildSettings = {
				ASSETCATALOG_COMPILER_APPICON_NAME = AppIcon;
				INFOPLIST_FILE = PitchPerfect/Info.plist;
				LD_RUNPATH_SEARCH_PATHS = "$(inherited) @executable_path/Frameworks";
				PRODUCT_BUNDLE_IDENTIFIER = com.practiceApp.PitchPerfect;
				PRODUCT_NAME = "$(TARGET_NAME)";
				SWIFT_VERSION = 3.0;
			};
			name = Debug;
		};
		ED052F511DD2726D003D5C31 /* Release */ = {
			isa = XCBuildConfiguration;
			buildSettings = {
				ASSETCATALOG_COMPILER_APPICON_NAME = AppIcon;
				INFOPLIST_FILE = PitchPerfect/Info.plist;
				LD_RUNPATH_SEARCH_PATHS = "$(inherited) @executable_path/Frameworks";
				PRODUCT_BUNDLE_IDENTIFIER = com.practiceApp.PitchPerfect;
				PRODUCT_NAME = "$(TARGET_NAME)";
				SWIFT_VERSION = 3.0;
			};
			name = Release;
		};
		ED052F531DD2726D003D5C31 /* Debug */ = {
			isa = XCBuildConfiguration;
			buildSettings = {
				ALWAYS_EMBED_SWIFT_STANDARD_LIBRARIES = YES;
				BUNDLE_LOADER = "$(TEST_HOST)";
				INFOPLIST_FILE = PitchPerfectTests/Info.plist;
				LD_RUNPATH_SEARCH_PATHS = "$(inherited) @executable_path/Frameworks @loader_path/Frameworks";
				PRODUCT_BUNDLE_IDENTIFIER = com.practiceApp.PitchPerfectTests;
				PRODUCT_NAME = "$(TARGET_NAME)";
				SWIFT_VERSION = 3.0;
				TEST_HOST = "$(BUILT_PRODUCTS_DIR)/PitchPerfect.app/PitchPerfect";
			};
			name = Debug;
		};
		ED052F541DD2726D003D5C31 /* Release */ = {
			isa = XCBuildConfiguration;
			buildSettings = {
				ALWAYS_EMBED_SWIFT_STANDARD_LIBRARIES = YES;
				BUNDLE_LOADER = "$(TEST_HOST)";
				INFOPLIST_FILE = PitchPerfectTests/Info.plist;
				LD_RUNPATH_SEARCH_PATHS = "$(inherited) @executable_path/Frameworks @loader_path/Frameworks";
				PRODUCT_BUNDLE_IDENTIFIER = com.practiceApp.PitchPerfectTests;
				PRODUCT_NAME = "$(TARGET_NAME)";
				SWIFT_VERSION = 3.0;
				TEST_HOST = "$(BUILT_PRODUCTS_DIR)/PitchPerfect.app/PitchPerfect";
			};
			name = Release;
		};
		ED052F561DD2726D003D5C31 /* Debug */ = {
			isa = XCBuildConfiguration;
			buildSettings = {
				ALWAYS_EMBED_SWIFT_STANDARD_LIBRARIES = YES;
				INFOPLIST_FILE = PitchPerfectUITests/Info.plist;
				LD_RUNPATH_SEARCH_PATHS = "$(inherited) @executable_path/Frameworks @loader_path/Frameworks";
				PRODUCT_BUNDLE_IDENTIFIER = com.practiceApp.PitchPerfectUITests;
				PRODUCT_NAME = "$(TARGET_NAME)";
				SWIFT_VERSION = 3.0;
				TEST_TARGET_NAME = PitchPerfect;
			};
			name = Debug;
		};
		ED052F571DD2726D003D5C31 /* Release */ = {
			isa = XCBuildConfiguration;
			buildSettings = {
				ALWAYS_EMBED_SWIFT_STANDARD_LIBRARIES = YES;
				INFOPLIST_FILE = PitchPerfectUITests/Info.plist;
				LD_RUNPATH_SEARCH_PATHS = "$(inherited) @executable_path/Frameworks @loader_path/Frameworks";
				PRODUCT_BUNDLE_IDENTIFIER = com.practiceApp.PitchPerfectUITests;
				PRODUCT_NAME = "$(TARGET_NAME)";
				SWIFT_VERSION = 3.0;
				TEST_TARGET_NAME = PitchPerfect;
			};
			name = Release;
		};
/* End XCBuildConfiguration section */

/* Begin XCConfigurationList section */
		ED052F221DD2726D003D5C31 /* Build configuration list for PBXProject "PitchPerfect" */ = {
			isa = XCConfigurationList;
			buildConfigurations = (
				ED052F4D1DD2726D003D5C31 /* Debug */,
				ED052F4E1DD2726D003D5C31 /* Release */,
			);
			defaultConfigurationIsVisible = 0;
			defaultConfigurationName = Release;
		};
		ED052F4F1DD2726D003D5C31 /* Build configuration list for PBXNativeTarget "PitchPerfect" */ = {
			isa = XCConfigurationList;
			buildConfigurations = (
				ED052F501DD2726D003D5C31 /* Debug */,
				ED052F511DD2726D003D5C31 /* Release */,
			);
			defaultConfigurationIsVisible = 0;
		};
		ED052F521DD2726D003D5C31 /* Build configuration list for PBXNativeTarget "PitchPerfectTests" */ = {
			isa = XCConfigurationList;
			buildConfigurations = (
				ED052F531DD2726D003D5C31 /* Debug */,
				ED052F541DD2726D003D5C31 /* Release */,
			);
			defaultConfigurationIsVisible = 0;
		};
		ED052F551DD2726D003D5C31 /* Build configuration list for PBXNativeTarget "PitchPerfectUITests" */ = {
			isa = XCConfigurationList;
			buildConfigurations = (
				ED052F561DD2726D003D5C31 /* Debug */,
				ED052F571DD2726D003D5C31 /* Release */,
			);
			defaultConfigurationIsVisible = 0;
		};
/* End XCConfigurationList section */
	};
	rootObject = ED052F1F1DD2726D003D5C31 /* Project object */;
}
